
Microsoft Visual Studio Solution File, Format Version 12.00
# Visual Studio Version 16
VisualStudioVersion = 16.0.30611.23
MinimumVisualStudioVersion = 10.0.40219.1
Project("{FAE04EC0-301F-11D3-BF4B-00C04F79EFBC}") = "ApiKeyExperiment", "ApiKeyExperiment\ApiKeyExperiment.csproj", "{26F5961D-48CD-4C74-A4C2-D968DB977542}"
EndProject
Project("{FAE04EC0-301F-11D3-BF4B-00C04F79EFBC}") = "ApiKeyExperiment.Tests", "ApiKeyExperiment.Tests\ApiKeyExperiment.Tests.csproj", "{63B203EF-EC7A-4A3C-9053-E02FDDC94170}"
EndProject
Global
	GlobalSection(SolutionConfigurationPlatforms) = preSolution
		Debug|Any CPU = Debug|Any CPU
		Release|Any CPU = Release|Any CPU
	EndGlobalSection
	GlobalSection(ProjectConfigurationPlatforms) = postSolution
		{26F5961D-48CD-4C74-A4C2-D968DB977542}.Debug|Any CPU.ActiveCfg = Debug|Any CPU
		{26F5961D-48CD-4C74-A4C2-D968DB977542}.Debug|Any CPU.Build.0 = Debug|Any CPU
		{26F5961D-48CD-4C74-A4C2-D968DB977542}.Release|Any CPU.ActiveCfg = Release|Any CPU
		{26F5961D-48CD-4C74-A4C2-D968DB977542}.Release|Any CPU.Build.0 = Release|Any CPU
		{63B203EF-EC7A-4A3C-9053-E02FDDC94170}.Debug|Any CPU.ActiveCfg = Debug|Any CPU
		{63B203EF-EC7A-4A3C-9053-E02FDDC94170}.Debug|Any CPU.Build.0 = Debug|Any CPU
		{63B203EF-EC7A-4A3C-9053-E02FDDC94170}.Release|Any CPU.ActiveCfg = Release|Any CPU
		{63B203EF-EC7A-4A3C-9053-E02FDDC94170}.Release|Any CPU.Build.0 = Release|Any CPU
	EndGlobalSection
	GlobalSection(SolutionProperties) = preSolution
		HideSolutionNode = FALSE
	EndGlobalSection
	GlobalSection(ExtensibilityGlobals) = postSolution
		SolutionGuid = {950D7781-869F-49B8-BB0D-70F8FA72FF44}
	EndGlobalSection
EndGlobal
